// !$*UTF8*$!
{
	archiveVersion = 1;
	classes = {
	};
	objectVersion = 56;
	objects = {

/* Begin PBXBuildFile section */
		C662B45C2BEDC8CC00E4D4AC /* HealthMetric.swift in Sources */ = {isa = PBXBuildFile; fileRef = C662B45B2BEDC8CC00E4D4AC /* HealthMetric.swift */; };
		C68130BF2C4322910007A737 /* Array+Ext.swift in Sources */ = {isa = PBXBuildFile; fileRef = C68130BE2C4322910007A737 /* Array+Ext.swift */; };
		C68887732BEAC4B100311DB4 /* HealthKitPermissionPrimingView.swift in Sources */ = {isa = PBXBuildFile; fileRef = C68887722BEAC4B100311DB4 /* HealthKitPermissionPrimingView.swift */; };
		C68E86BC2C35F3A30078B4FB /* WeightDiffBarChart.swift in Sources */ = {isa = PBXBuildFile; fileRef = C68E86BB2C35F3A30078B4FB /* WeightDiffBarChart.swift */; };
		C692F5432BEFE67400021E1D /* StepBarChart.swift in Sources */ = {isa = PBXBuildFile; fileRef = C692F5422BEFE67400021E1D /* StepBarChart.swift */; };
		C692F54C2BF006F800021E1D /* ChartDataTypes.swift in Sources */ = {isa = PBXBuildFile; fileRef = C692F54B2BF006F800021E1D /* ChartDataTypes.swift */; };
		C692F54F2BF007A400021E1D /* Date+Ext.swift in Sources */ = {isa = PBXBuildFile; fileRef = C692F54E2BF007A400021E1D /* Date+Ext.swift */; };
		C692F5522BF00DC200021E1D /* Algorithms in Frameworks */ = {isa = PBXBuildFile; productRef = C692F5512BF00DC200021E1D /* Algorithms */; };
		C692F5542BF0127B00021E1D /* StepPieChart.swift in Sources */ = {isa = PBXBuildFile; fileRef = C692F5532BF0127B00021E1D /* StepPieChart.swift */; };
		C693807C2C4212CD00C677B6 /* STError.swift in Sources */ = {isa = PBXBuildFile; fileRef = C693807B2C4212CD00C677B6 /* STError.swift */; };
		C69424522C3DE6B80070609A /* ChartEmptyView.swift in Sources */ = {isa = PBXBuildFile; fileRef = C69424512C3DE6B80070609A /* ChartEmptyView.swift */; };
		C69424542C3F01470070609A /* ChartContainer.swift in Sources */ = {isa = PBXBuildFile; fileRef = C69424532C3F01470070609A /* ChartContainer.swift */; };
		C699937E2BEBF7DF00481C35 /* HealthKitManager.swift in Sources */ = {isa = PBXBuildFile; fileRef = C699937D2BEBF7DF00481C35 /* HealthKitManager.swift */; };
		C69EC0622BFAAC7500F156B8 /* WeightLineChart.swift in Sources */ = {isa = PBXBuildFile; fileRef = C69EC0612BFAAC7500F156B8 /* WeightLineChart.swift */; };
		C69EC0652BFAB02D00F156B8 /* MockData.swift in Sources */ = {isa = PBXBuildFile; fileRef = C69EC0642BFAB02D00F156B8 /* MockData.swift */; };
		C69FC5D02BE548DB002ABAF3 /* Walken_TrackApp.swift in Sources */ = {isa = PBXBuildFile; fileRef = C69FC5CF2BE548DB002ABAF3 /* Walken_TrackApp.swift */; };
		C69FC5D22BE548DB002ABAF3 /* DashboardView.swift in Sources */ = {isa = PBXBuildFile; fileRef = C69FC5D12BE548DB002ABAF3 /* DashboardView.swift */; };
		C69FC5D42BE548DD002ABAF3 /* Assets.xcassets in Resources */ = {isa = PBXBuildFile; fileRef = C69FC5D32BE548DD002ABAF3 /* Assets.xcassets */; };
		C69FC5D72BE548DD002ABAF3 /* Preview Assets.xcassets in Resources */ = {isa = PBXBuildFile; fileRef = C69FC5D62BE548DD002ABAF3 /* Preview Assets.xcassets */; };
		C6A937EA2C40555200E566E4 /* ChartHelper.swift in Sources */ = {isa = PBXBuildFile; fileRef = C6A937E92C40555200E566E4 /* ChartHelper.swift */; };
		C6A937EC2C40621C00E566E4 /* ChartAnnotationView.swift in Sources */ = {isa = PBXBuildFile; fileRef = C6A937EB2C40621C00E566E4 /* ChartAnnotationView.swift */; };
		C6B86F802BE9C225007BC88B /* HealthDataListView.swift in Sources */ = {isa = PBXBuildFile; fileRef = C6B86F7F2BE9C225007BC88B /* HealthDataListView.swift */; };
/* End PBXBuildFile section */

/* Begin PBXFileReference section */
		C662B45B2BEDC8CC00E4D4AC /* HealthMetric.swift */ = {isa = PBXFileReference; lastKnownFileType = sourcecode.swift; path = HealthMetric.swift; sourceTree = "<group>"; };
		C68130BE2C4322910007A737 /* Array+Ext.swift */ = {isa = PBXFileReference; lastKnownFileType = sourcecode.swift; path = "Array+Ext.swift"; sourceTree = "<group>"; };
		C68887722BEAC4B100311DB4 /* HealthKitPermissionPrimingView.swift */ = {isa = PBXFileReference; lastKnownFileType = sourcecode.swift; path = HealthKitPermissionPrimingView.swift; sourceTree = "<group>"; };
		C68E86BB2C35F3A30078B4FB /* WeightDiffBarChart.swift */ = {isa = PBXFileReference; lastKnownFileType = sourcecode.swift; path = WeightDiffBarChart.swift; sourceTree = "<group>"; };
		C692F5422BEFE67400021E1D /* StepBarChart.swift */ = {isa = PBXFileReference; lastKnownFileType = sourcecode.swift; path = StepBarChart.swift; sourceTree = "<group>"; };
		C692F54B2BF006F800021E1D /* ChartDataTypes.swift */ = {isa = PBXFileReference; lastKnownFileType = sourcecode.swift; path = ChartDataTypes.swift; sourceTree = "<group>"; };
		C692F54E2BF007A400021E1D /* Date+Ext.swift */ = {isa = PBXFileReference; lastKnownFileType = sourcecode.swift; path = "Date+Ext.swift"; sourceTree = "<group>"; };
		C692F5532BF0127B00021E1D /* StepPieChart.swift */ = {isa = PBXFileReference; lastKnownFileType = sourcecode.swift; path = StepPieChart.swift; sourceTree = "<group>"; };
		C693807B2C4212CD00C677B6 /* STError.swift */ = {isa = PBXFileReference; lastKnownFileType = sourcecode.swift; path = STError.swift; sourceTree = "<group>"; };
		C69424512C3DE6B80070609A /* ChartEmptyView.swift */ = {isa = PBXFileReference; lastKnownFileType = sourcecode.swift; path = ChartEmptyView.swift; sourceTree = "<group>"; };
		C69424532C3F01470070609A /* ChartContainer.swift */ = {isa = PBXFileReference; lastKnownFileType = sourcecode.swift; path = ChartContainer.swift; sourceTree = "<group>"; };
		C699937C2BEBF5DF00481C35 /* Walken Track.entitlements */ = {isa = PBXFileReference; lastKnownFileType = text.plist.entitlements; path = "Walken Track.entitlements"; sourceTree = "<group>"; };
		C699937D2BEBF7DF00481C35 /* HealthKitManager.swift */ = {isa = PBXFileReference; lastKnownFileType = sourcecode.swift; path = HealthKitManager.swift; sourceTree = "<group>"; };
		C69EC0612BFAAC7500F156B8 /* WeightLineChart.swift */ = {isa = PBXFileReference; lastKnownFileType = sourcecode.swift; path = WeightLineChart.swift; sourceTree = "<group>"; };
		C69EC0642BFAB02D00F156B8 /* MockData.swift */ = {isa = PBXFileReference; lastKnownFileType = sourcecode.swift; path = MockData.swift; sourceTree = "<group>"; };
		C69FC5CC2BE548DB002ABAF3 /* Walken Track.app */ = {isa = PBXFileReference; explicitFileType = wrapper.application; includeInIndex = 0; path = "Walken Track.app"; sourceTree = BUILT_PRODUCTS_DIR; };
		C69FC5CF2BE548DB002ABAF3 /* Walken_TrackApp.swift */ = {isa = PBXFileReference; lastKnownFileType = sourcecode.swift; path = Walken_TrackApp.swift; sourceTree = "<group>"; };
		C69FC5D12BE548DB002ABAF3 /* DashboardView.swift */ = {isa = PBXFileReference; lastKnownFileType = sourcecode.swift; path = DashboardView.swift; sourceTree = "<group>"; };
		C69FC5D32BE548DD002ABAF3 /* Assets.xcassets */ = {isa = PBXFileReference; lastKnownFileType = folder.assetcatalog; path = Assets.xcassets; sourceTree = "<group>"; };
		C69FC5D62BE548DD002ABAF3 /* Preview Assets.xcassets */ = {isa = PBXFileReference; lastKnownFileType = folder.assetcatalog; path = "Preview Assets.xcassets"; sourceTree = "<group>"; };
		C6A937E92C40555200E566E4 /* ChartHelper.swift */ = {isa = PBXFileReference; lastKnownFileType = sourcecode.swift; path = ChartHelper.swift; sourceTree = "<group>"; };
		C6A937EB2C40621C00E566E4 /* ChartAnnotationView.swift */ = {isa = PBXFileReference; lastKnownFileType = sourcecode.swift; path = ChartAnnotationView.swift; sourceTree = "<group>"; };
		C6B86F7F2BE9C225007BC88B /* HealthDataListView.swift */ = {isa = PBXFileReference; lastKnownFileType = sourcecode.swift; path = HealthDataListView.swift; sourceTree = "<group>"; };
/* End PBXFileReference section */

/* Begin PBXFrameworksBuildPhase section */
		C69FC5C92BE548DB002ABAF3 /* Frameworks */ = {
			isa = PBXFrameworksBuildPhase;
			buildActionMask = 2147483647;
			files = (
				C692F5522BF00DC200021E1D /* Algorithms in Frameworks */,
			);
			runOnlyForDeploymentPostprocessing = 0;
		};
/* End PBXFrameworksBuildPhase section */

/* Begin PBXGroup section */
		C68130C02C43275C0007A737 /* Charts */ = {
			isa = PBXGroup;
			children = (
				C692F5422BEFE67400021E1D /* StepBarChart.swift */,
				C692F5532BF0127B00021E1D /* StepPieChart.swift */,
				C69EC0612BFAAC7500F156B8 /* WeightLineChart.swift */,
				C68E86BB2C35F3A30078B4FB /* WeightDiffBarChart.swift */,
			);
			path = Charts;
			sourceTree = "<group>";
		};
		C68130C12C4327630007A737 /* Chart Utilites */ = {
			isa = PBXGroup;
			children = (
				C692F54B2BF006F800021E1D /* ChartDataTypes.swift */,
				C6A937E92C40555200E566E4 /* ChartHelper.swift */,
			);
			path = "Chart Utilites";
			sourceTree = "<group>";
		};
		C68130C22C4327770007A737 /* Chart Custom Views */ = {
			isa = PBXGroup;
			children = (
				C69424532C3F01470070609A /* ChartContainer.swift */,
				C69424512C3DE6B80070609A /* ChartEmptyView.swift */,
				C6A937EB2C40621C00E566E4 /* ChartAnnotationView.swift */,
			);
			path = "Chart Custom Views";
			sourceTree = "<group>";
		};
		C692F5452BEFEC3400021E1D /* Screens */ = {
			isa = PBXGroup;
			children = (
				C69FC5D12BE548DB002ABAF3 /* DashboardView.swift */,
				C68887722BEAC4B100311DB4 /* HealthKitPermissionPrimingView.swift */,
				C6B86F7F2BE9C225007BC88B /* HealthDataListView.swift */,
			);
			path = Screens;
			sourceTree = "<group>";
		};
		C692F5462BEFECA900021E1D /* Charts */ = {
			isa = PBXGroup;
			children = (
				C68130C02C43275C0007A737 /* Charts */,
				C68130C22C4327770007A737 /* Chart Custom Views */,
				C68130C12C4327630007A737 /* Chart Utilites */,
			);
			path = Charts;
			sourceTree = "<group>";
		};
		C692F5472BEFECC200021E1D /* Models */ = {
			isa = PBXGroup;
			children = (
				C662B45B2BEDC8CC00E4D4AC /* HealthMetric.swift */,
			);
			path = Models;
			sourceTree = "<group>";
		};
		C692F5482BEFECD200021E1D /* Managers */ = {
			isa = PBXGroup;
			children = (
				C699937D2BEBF7DF00481C35 /* HealthKitManager.swift */,
			);
			path = Managers;
			sourceTree = "<group>";
		};
		C692F54D2BF0079500021E1D /* Extensions */ = {
			isa = PBXGroup;
			children = (
				C692F54E2BF007A400021E1D /* Date+Ext.swift */,
				C68130BE2C4322910007A737 /* Array+Ext.swift */,
			);
			path = Extensions;
			sourceTree = "<group>";
		};
		C69EC0632BFAAFD800F156B8 /* Utilities */ = {
			isa = PBXGroup;
			children = (
				C692F54D2BF0079500021E1D /* Extensions */,
				C69EC0642BFAB02D00F156B8 /* MockData.swift */,
				C693807B2C4212CD00C677B6 /* STError.swift */,
			);
			path = Utilities;
			sourceTree = "<group>";
		};
		C69FC5C32BE548DB002ABAF3 = {
			isa = PBXGroup;
			children = (
				C69FC5CE2BE548DB002ABAF3 /* Walken Track */,
				C69FC5CD2BE548DB002ABAF3 /* Products */,
			);
			sourceTree = "<group>";
		};
		C69FC5CD2BE548DB002ABAF3 /* Products */ = {
			isa = PBXGroup;
			children = (
				C69FC5CC2BE548DB002ABAF3 /* Walken Track.app */,
			);
			name = Products;
			sourceTree = "<group>";
		};
		C69FC5CE2BE548DB002ABAF3 /* Walken Track */ = {
			isa = PBXGroup;
			children = (
				C69EC0632BFAAFD800F156B8 /* Utilities */,
				C699937C2BEBF5DF00481C35 /* Walken Track.entitlements */,
				C69FC5CF2BE548DB002ABAF3 /* Walken_TrackApp.swift */,
				C692F5482BEFECD200021E1D /* Managers */,
				C692F5472BEFECC200021E1D /* Models */,
				C692F5462BEFECA900021E1D /* Charts */,
				C692F5452BEFEC3400021E1D /* Screens */,
				C69FC5D32BE548DD002ABAF3 /* Assets.xcassets */,
				C69FC5D52BE548DD002ABAF3 /* Preview Content */,
			);
			path = "Walken Track";
			sourceTree = "<group>";
		};
		C69FC5D52BE548DD002ABAF3 /* Preview Content */ = {
			isa = PBXGroup;
			children = (
				C69FC5D62BE548DD002ABAF3 /* Preview Assets.xcassets */,
			);
			path = "Preview Content";
			sourceTree = "<group>";
		};
/* End PBXGroup section */

/* Begin PBXNativeTarget section */
		C69FC5CB2BE548DB002ABAF3 /* Walken Track */ = {
			isa = PBXNativeTarget;
			buildConfigurationList = C69FC5DA2BE548DD002ABAF3 /* Build configuration list for PBXNativeTarget "Walken Track" */;
			buildPhases = (
				C69FC5C82BE548DB002ABAF3 /* Sources */,
				C69FC5C92BE548DB002ABAF3 /* Frameworks */,
				C69FC5CA2BE548DB002ABAF3 /* Resources */,
			);
			buildRules = (
			);
			dependencies = (
			);
			name = "Walken Track";
			packageProductDependencies = (
				C692F5512BF00DC200021E1D /* Algorithms */,
			);
			productName = "Walken Track";
			productReference = C69FC5CC2BE548DB002ABAF3 /* Walken Track.app */;
			productType = "com.apple.product-type.application";
		};
/* End PBXNativeTarget section */

/* Begin PBXProject section */
		C69FC5C42BE548DB002ABAF3 /* Project object */ = {
			isa = PBXProject;
			attributes = {
				BuildIndependentTargetsInParallel = 1;
				LastSwiftUpdateCheck = 1520;
				LastUpgradeCheck = 1520;
				TargetAttributes = {
					C69FC5CB2BE548DB002ABAF3 = {
						CreatedOnToolsVersion = 15.2;
					};
				};
			};
			buildConfigurationList = C69FC5C72BE548DB002ABAF3 /* Build configuration list for PBXProject "Walken Track" */;
			compatibilityVersion = "Xcode 14.0";
			developmentRegion = en;
			hasScannedForEncodings = 0;
			knownRegions = (
				en,
				Base,
			);
			mainGroup = C69FC5C32BE548DB002ABAF3;
			packageReferences = (
				C692F5502BF00DC200021E1D /* XCRemoteSwiftPackageReference "swift-algorithms" */,
			);
			productRefGroup = C69FC5CD2BE548DB002ABAF3 /* Products */;
			projectDirPath = "";
			projectRoot = "";
			targets = (
				C69FC5CB2BE548DB002ABAF3 /* Walken Track */,
			);
		};
/* End PBXProject section */

/* Begin PBXResourcesBuildPhase section */
		C69FC5CA2BE548DB002ABAF3 /* Resources */ = {
			isa = PBXResourcesBuildPhase;
			buildActionMask = 2147483647;
			files = (
				C69FC5D72BE548DD002ABAF3 /* Preview Assets.xcassets in Resources */,
				C69FC5D42BE548DD002ABAF3 /* Assets.xcassets in Resources */,
			);
			runOnlyForDeploymentPostprocessing = 0;
		};
/* End PBXResourcesBuildPhase section */

/* Begin PBXSourcesBuildPhase section */
		C69FC5C82BE548DB002ABAF3 /* Sources */ = {
			isa = PBXSourcesBuildPhase;
			buildActionMask = 2147483647;
			files = (
				C6B86F802BE9C225007BC88B /* HealthDataListView.swift in Sources */,
				C68E86BC2C35F3A30078B4FB /* WeightDiffBarChart.swift in Sources */,
				C69FC5D22BE548DB002ABAF3 /* DashboardView.swift in Sources */,
				C692F5432BEFE67400021E1D /* StepBarChart.swift in Sources */,
				C6A937EC2C40621C00E566E4 /* ChartAnnotationView.swift in Sources */,
				C68130BF2C4322910007A737 /* Array+Ext.swift in Sources */,
				C69424542C3F01470070609A /* ChartContainer.swift in Sources */,
				C69EC0652BFAB02D00F156B8 /* MockData.swift in Sources */,
				C69424522C3DE6B80070609A /* ChartEmptyView.swift in Sources */,
				C69FC5D02BE548DB002ABAF3 /* Walken_TrackApp.swift in Sources */,
				C693807C2C4212CD00C677B6 /* STError.swift in Sources */,
				C699937E2BEBF7DF00481C35 /* HealthKitManager.swift in Sources */,
				C68887732BEAC4B100311DB4 /* HealthKitPermissionPrimingView.swift in Sources */,
				C6A937EA2C40555200E566E4 /* ChartHelper.swift in Sources */,
				C662B45C2BEDC8CC00E4D4AC /* HealthMetric.swift in Sources */,
				C692F54C2BF006F800021E1D /* ChartDataTypes.swift in Sources */,
				C692F5542BF0127B00021E1D /* StepPieChart.swift in Sources */,
				C69EC0622BFAAC7500F156B8 /* WeightLineChart.swift in Sources */,
				C692F54F2BF007A400021E1D /* Date+Ext.swift in Sources */,
			);
			runOnlyForDeploymentPostprocessing = 0;
		};
/* End PBXSourcesBuildPhase section */

/* Begin XCBuildConfiguration section */
		C69FC5D82BE548DD002ABAF3 /* Debug */ = {
			isa = XCBuildConfiguration;
			buildSettings = {
				ALWAYS_SEARCH_USER_PATHS = NO;
				ASSETCATALOG_COMPILER_GENERATE_SWIFT_ASSET_SYMBOL_EXTENSIONS = YES;
				CLANG_ANALYZER_NONNULL = YES;
				CLANG_ANALYZER_NUMBER_OBJECT_CONVERSION = YES_AGGRESSIVE;
				CLANG_CXX_LANGUAGE_STANDARD = "gnu++20";
				CLANG_ENABLE_MODULES = YES;
				CLANG_ENABLE_OBJC_ARC = YES;
				CLANG_ENABLE_OBJC_WEAK = YES;
				CLANG_WARN_BLOCK_CAPTURE_AUTORELEASING = YES;
				CLANG_WARN_BOOL_CONVERSION = YES;
				CLANG_WARN_COMMA = YES;
				CLANG_WARN_CONSTANT_CONVERSION = YES;
				CLANG_WARN_DEPRECATED_OBJC_IMPLEMENTATIONS = YES;
				CLANG_WARN_DIRECT_OBJC_ISA_USAGE = YES_ERROR;
				CLANG_WARN_DOCUMENTATION_COMMENTS = YES;
				CLANG_WARN_EMPTY_BODY = YES;
				CLANG_WARN_ENUM_CONVERSION = YES;
				CLANG_WARN_INFINITE_RECURSION = YES;
				CLANG_WARN_INT_CONVERSION = YES;
				CLANG_WARN_NON_LITERAL_NULL_CONVERSION = YES;
				CLANG_WARN_OBJC_IMPLICIT_RETAIN_SELF = YES;
				CLANG_WARN_OBJC_LITERAL_CONVERSION = YES;
				CLANG_WARN_OBJC_ROOT_CLASS = YES_ERROR;
				CLANG_WARN_QUOTED_INCLUDE_IN_FRAMEWORK_HEADER = YES;
				CLANG_WARN_RANGE_LOOP_ANALYSIS = YES;
				CLANG_WARN_STRICT_PROTOTYPES = YES;
				CLANG_WARN_SUSPICIOUS_MOVE = YES;
				CLANG_WARN_UNGUARDED_AVAILABILITY = YES_AGGRESSIVE;
				CLANG_WARN_UNREACHABLE_CODE = YES;
				CLANG_WARN__DUPLICATE_METHOD_MATCH = YES;
				COPY_PHASE_STRIP = NO;
				DEBUG_INFORMATION_FORMAT = dwarf;
				ENABLE_STRICT_OBJC_MSGSEND = YES;
				ENABLE_TESTABILITY = YES;
				ENABLE_USER_SCRIPT_SANDBOXING = YES;
				GCC_C_LANGUAGE_STANDARD = gnu17;
				GCC_DYNAMIC_NO_PIC = NO;
				GCC_NO_COMMON_BLOCKS = YES;
				GCC_OPTIMIZATION_LEVEL = 0;
				GCC_PREPROCESSOR_DEFINITIONS = (
					"DEBUG=1",
					"$(inherited)",
				);
				GCC_WARN_64_TO_32_BIT_CONVERSION = YES;
				GCC_WARN_ABOUT_RETURN_TYPE = YES_ERROR;
				GCC_WARN_UNDECLARED_SELECTOR = YES;
				GCC_WARN_UNINITIALIZED_AUTOS = YES_AGGRESSIVE;
				GCC_WARN_UNUSED_FUNCTION = YES;
				GCC_WARN_UNUSED_VARIABLE = YES;
				IPHONEOS_DEPLOYMENT_TARGET = 17.2;
				LOCALIZATION_PREFERS_STRING_CATALOGS = YES;
				MTL_ENABLE_DEBUG_INFO = INCLUDE_SOURCE;
				MTL_FAST_MATH = YES;
				ONLY_ACTIVE_ARCH = YES;
				SDKROOT = iphoneos;
				SWIFT_ACTIVE_COMPILATION_CONDITIONS = "DEBUG $(inherited)";
				SWIFT_OPTIMIZATION_LEVEL = "-Onone";
			};
			name = Debug;
		};
		C69FC5D92BE548DD002ABAF3 /* Release */ = {
			isa = XCBuildConfiguration;
			buildSettings = {
				ALWAYS_SEARCH_USER_PATHS = NO;
				ASSETCATALOG_COMPILER_GENERATE_SWIFT_ASSET_SYMBOL_EXTENSIONS = YES;
				CLANG_ANALYZER_NONNULL = YES;
				CLANG_ANALYZER_NUMBER_OBJECT_CONVERSION = YES_AGGRESSIVE;
				CLANG_CXX_LANGUAGE_STANDARD = "gnu++20";
				CLANG_ENABLE_MODULES = YES;
				CLANG_ENABLE_OBJC_ARC = YES;
				CLANG_ENABLE_OBJC_WEAK = YES;
				CLANG_WARN_BLOCK_CAPTURE_AUTORELEASING = YES;
				CLANG_WARN_BOOL_CONVERSION = YES;
				CLANG_WARN_COMMA = YES;
				CLANG_WARN_CONSTANT_CONVERSION = YES;
				CLANG_WARN_DEPRECATED_OBJC_IMPLEMENTATIONS = YES;
				CLANG_WARN_DIRECT_OBJC_ISA_USAGE = YES_ERROR;
				CLANG_WARN_DOCUMENTATION_COMMENTS = YES;
				CLANG_WARN_EMPTY_BODY = YES;
				CLANG_WARN_ENUM_CONVERSION = YES;
				CLANG_WARN_INFINITE_RECURSION = YES;
				CLANG_WARN_INT_CONVERSION = YES;
				CLANG_WARN_NON_LITERAL_NULL_CONVERSION = YES;
				CLANG_WARN_OBJC_IMPLICIT_RETAIN_SELF = YES;
				CLANG_WARN_OBJC_LITERAL_CONVERSION = YES;
				CLANG_WARN_OBJC_ROOT_CLASS = YES_ERROR;
				CLANG_WARN_QUOTED_INCLUDE_IN_FRAMEWORK_HEADER = YES;
				CLANG_WARN_RANGE_LOOP_ANALYSIS = YES;
				CLANG_WARN_STRICT_PROTOTYPES = YES;
				CLANG_WARN_SUSPICIOUS_MOVE = YES;
				CLANG_WARN_UNGUARDED_AVAILABILITY = YES_AGGRESSIVE;
				CLANG_WARN_UNREACHABLE_CODE = YES;
				CLANG_WARN__DUPLICATE_METHOD_MATCH = YES;
				COPY_PHASE_STRIP = NO;
				DEBUG_INFORMATION_FORMAT = "dwarf-with-dsym";
				ENABLE_NS_ASSERTIONS = NO;
				ENABLE_STRICT_OBJC_MSGSEND = YES;
				ENABLE_USER_SCRIPT_SANDBOXING = YES;
				GCC_C_LANGUAGE_STANDARD = gnu17;
				GCC_NO_COMMON_BLOCKS = YES;
				GCC_WARN_64_TO_32_BIT_CONVERSION = YES;
				GCC_WARN_ABOUT_RETURN_TYPE = YES_ERROR;
				GCC_WARN_UNDECLARED_SELECTOR = YES;
				GCC_WARN_UNINITIALIZED_AUTOS = YES_AGGRESSIVE;
				GCC_WARN_UNUSED_FUNCTION = YES;
				GCC_WARN_UNUSED_VARIABLE = YES;
				IPHONEOS_DEPLOYMENT_TARGET = 17.2;
				LOCALIZATION_PREFERS_STRING_CATALOGS = YES;
				MTL_ENABLE_DEBUG_INFO = NO;
				MTL_FAST_MATH = YES;
				SDKROOT = iphoneos;
				SWIFT_COMPILATION_MODE = wholemodule;
				VALIDATE_PRODUCT = YES;
			};
			name = Release;
		};
		C69FC5DB2BE548DD002ABAF3 /* Debug */ = {
			isa = XCBuildConfiguration;
			buildSettings = {
				ASSETCATALOG_COMPILER_APPICON_NAME = AppIcon;
				ASSETCATALOG_COMPILER_GLOBAL_ACCENT_COLOR_NAME = AccentColor;
				CODE_SIGN_ENTITLEMENTS = "Walken Track/Walken Track.entitlements";
				CODE_SIGN_STYLE = Automatic;
				CURRENT_PROJECT_VERSION = 1;
				DEVELOPMENT_ASSET_PATHS = "\"Walken Track/Preview Content\"";
				DEVELOPMENT_TEAM = Q25T636R4F;
				ENABLE_PREVIEWS = YES;
				GENERATE_INFOPLIST_FILE = YES;
				INFOPLIST_KEY_NSHealthShareUsageDescription = "The app shows your step and weight data in an interactive chart.";
				INFOPLIST_KEY_NSHealthUpdateUsageDescription = "The app allows you to add step and weight data to Apple Health.";
				INFOPLIST_KEY_UIApplicationSceneManifest_Generation = YES;
				INFOPLIST_KEY_UIApplicationSupportsIndirectInputEvents = YES;
				INFOPLIST_KEY_UILaunchScreen_Generation = YES;
				INFOPLIST_KEY_UISupportedInterfaceOrientations_iPad = "UIInterfaceOrientationPortrait UIInterfaceOrientationPortraitUpsideDown UIInterfaceOrientationLandscapeLeft UIInterfaceOrientationLandscapeRight";
				INFOPLIST_KEY_UISupportedInterfaceOrientations_iPhone = "UIInterfaceOrientationPortrait UIInterfaceOrientationLandscapeLeft UIInterfaceOrientationLandscapeRight";
				LD_RUNPATH_SEARCH_PATHS = (
					"$(inherited)",
					"@executable_path/Frameworks",
				);
				MARKETING_VERSION = 1.0;
				PRODUCT_BUNDLE_IDENTIFIER = "ben.Walken-Track";
				PRODUCT_NAME = "$(TARGET_NAME)";
				SWIFT_EMIT_LOC_STRINGS = YES;
				SWIFT_VERSION = 5.0;
				TARGETED_DEVICE_FAMILY = "1,2";
			};
			name = Debug;
		};
		C69FC5DC2BE548DD002ABAF3 /* Release */ = {
			isa = XCBuildConfiguration;
			buildSettings = {
				ASSETCATALOG_COMPILER_APPICON_NAME = AppIcon;
				ASSETCATALOG_COMPILER_GLOBAL_ACCENT_COLOR_NAME = AccentColor;
				CODE_SIGN_ENTITLEMENTS = "Walken Track/Walken Track.entitlements";
				CODE_SIGN_STYLE = Automatic;
				CURRENT_PROJECT_VERSION = 1;
				DEVELOPMENT_ASSET_PATHS = "\"Walken Track/Preview Content\"";
				DEVELOPMENT_TEAM = Q25T636R4F;
				ENABLE_PREVIEWS = YES;
				GENERATE_INFOPLIST_FILE = YES;
				INFOPLIST_KEY_NSHealthShareUsageDescription = "The app shows your step and weight data in an interactive chart.";
				INFOPLIST_KEY_NSHealthUpdateUsageDescription = "The app allows you to add step and weight data to Apple Health.";
				INFOPLIST_KEY_UIApplicationSceneManifest_Generation = YES;
				INFOPLIST_KEY_UIApplicationSupportsIndirectInputEvents = YES;
				INFOPLIST_KEY_UILaunchScreen_Generation = YES;
				INFOPLIST_KEY_UISupportedInterfaceOrientations_iPad = "UIInterfaceOrientationPortrait UIInterfaceOrientationPortraitUpsideDown UIInterfaceOrientationLandscapeLeft UIInterfaceOrientationLandscapeRight";
				INFOPLIST_KEY_UISupportedInterfaceOrientations_iPhone = "UIInterfaceOrientationPortrait UIInterfaceOrientationLandscapeLeft UIInterfaceOrientationLandscapeRight";
				LD_RUNPATH_SEARCH_PATHS = (
					"$(inherited)",
					"@executable_path/Frameworks",
				);
				MARKETING_VERSION = 1.0;
				PRODUCT_BUNDLE_IDENTIFIER = "ben.Walken-Track";
				PRODUCT_NAME = "$(TARGET_NAME)";
				SWIFT_EMIT_LOC_STRINGS = YES;
				SWIFT_VERSION = 5.0;
				TARGETED_DEVICE_FAMILY = "1,2";
			};
			name = Release;
		};
/* End XCBuildConfiguration section */

/* Begin XCConfigurationList section */
		C69FC5C72BE548DB002ABAF3 /* Build configuration list for PBXProject "Walken Track" */ = {
			isa = XCConfigurationList;
			buildConfigurations = (
				C69FC5D82BE548DD002ABAF3 /* Debug */,
				C69FC5D92BE548DD002ABAF3 /* Release */,
			);
			defaultConfigurationIsVisible = 0;
			defaultConfigurationName = Release;
		};
		C69FC5DA2BE548DD002ABAF3 /* Build configuration list for PBXNativeTarget "Walken Track" */ = {
			isa = XCConfigurationList;
			buildConfigurations = (
				C69FC5DB2BE548DD002ABAF3 /* Debug */,
				C69FC5DC2BE548DD002ABAF3 /* Release */,
			);
			defaultConfigurationIsVisible = 0;
			defaultConfigurationName = Release;
		};
/* End XCConfigurationList section */

/* Begin XCRemoteSwiftPackageReference section */
		C692F5502BF00DC200021E1D /* XCRemoteSwiftPackageReference "swift-algorithms" */ = {
			isa = XCRemoteSwiftPackageReference;
			repositoryURL = "https://github.com/apple/swift-algorithms.git";
			requirement = {
				kind = upToNextMajorVersion;
				minimumVersion = 1.2.0;
			};
		};
/* End XCRemoteSwiftPackageReference section */

/* Begin XCSwiftPackageProductDependency section */
		C692F5512BF00DC200021E1D /* Algorithms */ = {
			isa = XCSwiftPackageProductDependency;
			package = C692F5502BF00DC200021E1D /* XCRemoteSwiftPackageReference "swift-algorithms" */;
			productName = Algorithms;
		};
/* End XCSwiftPackageProductDependency section */
	};
	rootObject = C69FC5C42BE548DB002ABAF3 /* Project object */;
}
